
Microsoft Visual Studio Solution File, Format Version 12.00
# Visual Studio 15
VisualStudioVersion = 15.0.26124.0
MinimumVisualStudioVersion = 15.0.26124.0
Project("{FAE04EC0-301F-11D3-BF4B-00C04F79EFBC}") = "mvcMovie", "mvcMovie\mvcMovie.csproj", "{D1AD3E45-95C1-402F-9683-2FF6E5A0F0ED}"
EndProject
Project("{FAE04EC0-301F-11D3-BF4B-00C04F79EFBC}") = "Application", "Application\Application.csproj", "{E7EEA50B-BEA9-4614-B2A4-22A8F2B7826A}"
EndProject
Project("{FAE04EC0-301F-11D3-BF4B-00C04F79EFBC}") = "Domain", "Domain\Domain.csproj", "{D31EC97A-2DAC-469D-9C37-5B13245926A6}"
EndProject
Project("{FAE04EC0-301F-11D3-BF4B-00C04F79EFBC}") = "Infrastructure", "Infrastructure\Infrastructure.csproj", "{6B67EA20-6C26-49B7-89AE-CC603EE7F11F}"
EndProject
Global
	GlobalSection(SolutionConfigurationPlatforms) = preSolution
		Debug|Any CPU = Debug|Any CPU
		Debug|x64 = Debug|x64
		Debug|x86 = Debug|x86
		Release|Any CPU = Release|Any CPU
		Release|x64 = Release|x64
		Release|x86 = Release|x86
	EndGlobalSection
	GlobalSection(SolutionProperties) = preSolution
		HideSolutionNode = FALSE
	EndGlobalSection
	GlobalSection(ProjectConfigurationPlatforms) = postSolution
		{D1AD3E45-95C1-402F-9683-2FF6E5A0F0ED}.Debug|Any CPU.ActiveCfg = Debug|Any CPU
		{D1AD3E45-95C1-402F-9683-2FF6E5A0F0ED}.Debug|Any CPU.Build.0 = Debug|Any CPU
		{D1AD3E45-95C1-402F-9683-2FF6E5A0F0ED}.Debug|x64.ActiveCfg = Debug|Any CPU
		{D1AD3E45-95C1-402F-9683-2FF6E5A0F0ED}.Debug|x64.Build.0 = Debug|Any CPU
		{D1AD3E45-95C1-402F-9683-2FF6E5A0F0ED}.Debug|x86.ActiveCfg = Debug|Any CPU
		{D1AD3E45-95C1-402F-9683-2FF6E5A0F0ED}.Debug|x86.Build.0 = Debug|Any CPU
		{D1AD3E45-95C1-402F-9683-2FF6E5A0F0ED}.Release|Any CPU.ActiveCfg = Release|Any CPU
		{D1AD3E45-95C1-402F-9683-2FF6E5A0F0ED}.Release|Any CPU.Build.0 = Release|Any CPU
		{D1AD3E45-95C1-402F-9683-2FF6E5A0F0ED}.Release|x64.ActiveCfg = Release|Any CPU
		{D1AD3E45-95C1-402F-9683-2FF6E5A0F0ED}.Release|x64.Build.0 = Release|Any CPU
		{D1AD3E45-95C1-402F-9683-2FF6E5A0F0ED}.Release|x86.ActiveCfg = Release|Any CPU
		{D1AD3E45-95C1-402F-9683-2FF6E5A0F0ED}.Release|x86.Build.0 = Release|Any CPU
		{E7EEA50B-BEA9-4614-B2A4-22A8F2B7826A}.Debug|Any CPU.ActiveCfg = Debug|Any CPU
		{E7EEA50B-BEA9-4614-B2A4-22A8F2B7826A}.Debug|Any CPU.Build.0 = Debug|Any CPU
		{E7EEA50B-BEA9-4614-B2A4-22A8F2B7826A}.Debug|x64.ActiveCfg = Debug|Any CPU
		{E7EEA50B-BEA9-4614-B2A4-22A8F2B7826A}.Debug|x64.Build.0 = Debug|Any CPU
		{E7EEA50B-BEA9-4614-B2A4-22A8F2B7826A}.Debug|x86.ActiveCfg = Debug|Any CPU
		{E7EEA50B-BEA9-4614-B2A4-22A8F2B7826A}.Debug|x86.Build.0 = Debug|Any CPU
		{E7EEA50B-BEA9-4614-B2A4-22A8F2B7826A}.Release|Any CPU.ActiveCfg = Release|Any CPU
		{E7EEA50B-BEA9-4614-B2A4-22A8F2B7826A}.Release|Any CPU.Build.0 = Release|Any CPU
		{E7EEA50B-BEA9-4614-B2A4-22A8F2B7826A}.Release|x64.ActiveCfg = Release|Any CPU
		{E7EEA50B-BEA9-4614-B2A4-22A8F2B7826A}.Release|x64.Build.0 = Release|Any CPU
		{E7EEA50B-BEA9-4614-B2A4-22A8F2B7826A}.Release|x86.ActiveCfg = Release|Any CPU
		{E7EEA50B-BEA9-4614-B2A4-22A8F2B7826A}.Release|x86.Build.0 = Release|Any CPU
		{D31EC97A-2DAC-469D-9C37-5B13245926A6}.Debug|Any CPU.ActiveCfg = Debug|Any CPU
		{D31EC97A-2DAC-469D-9C37-5B13245926A6}.Debug|Any CPU.Build.0 = Debug|Any CPU
		{D31EC97A-2DAC-469D-9C37-5B13245926A6}.Debug|x64.ActiveCfg = Debug|Any CPU
		{D31EC97A-2DAC-469D-9C37-5B13245926A6}.Debug|x64.Build.0 = Debug|Any CPU
		{D31EC97A-2DAC-469D-9C37-5B13245926A6}.Debug|x86.ActiveCfg = Debug|Any CPU
		{D31EC97A-2DAC-469D-9C37-5B13245926A6}.Debug|x86.Build.0 = Debug|Any CPU
		{D31EC97A-2DAC-469D-9C37-5B13245926A6}.Release|Any CPU.ActiveCfg = Release|Any CPU
		{D31EC97A-2DAC-469D-9C37-5B13245926A6}.Release|Any CPU.Build.0 = Release|Any CPU
		{D31EC97A-2DAC-469D-9C37-5B13245926A6}.Release|x64.ActiveCfg = Release|Any CPU
		{D31EC97A-2DAC-469D-9C37-5B13245926A6}.Release|x64.Build.0 = Release|Any CPU
		{D31EC97A-2DAC-469D-9C37-5B13245926A6}.Release|x86.ActiveCfg = Release|Any CPU
		{D31EC97A-2DAC-469D-9C37-5B13245926A6}.Release|x86.Build.0 = Release|Any CPU
		{6B67EA20-6C26-49B7-89AE-CC603EE7F11F}.Debug|Any CPU.ActiveCfg = Debug|Any CPU
		{6B67EA20-6C26-49B7-89AE-CC603EE7F11F}.Debug|Any CPU.Build.0 = Debug|Any CPU
		{6B67EA20-6C26-49B7-89AE-CC603EE7F11F}.Debug|x64.ActiveCfg = Debug|Any CPU
		{6B67EA20-6C26-49B7-89AE-CC603EE7F11F}.Debug|x64.Build.0 = Debug|Any CPU
		{6B67EA20-6C26-49B7-89AE-CC603EE7F11F}.Debug|x86.ActiveCfg = Debug|Any CPU
		{6B67EA20-6C26-49B7-89AE-CC603EE7F11F}.Debug|x86.Build.0 = Debug|Any CPU
		{6B67EA20-6C26-49B7-89AE-CC603EE7F11F}.Release|Any CPU.ActiveCfg = Release|Any CPU
		{6B67EA20-6C26-49B7-89AE-CC603EE7F11F}.Release|Any CPU.Build.0 = Release|Any CPU
		{6B67EA20-6C26-49B7-89AE-CC603EE7F11F}.Release|x64.ActiveCfg = Release|Any CPU
		{6B67EA20-6C26-49B7-89AE-CC603EE7F11F}.Release|x64.Build.0 = Release|Any CPU
		{6B67EA20-6C26-49B7-89AE-CC603EE7F11F}.Release|x86.ActiveCfg = Release|Any CPU
		{6B67EA20-6C26-49B7-89AE-CC603EE7F11F}.Release|x86.Build.0 = Release|Any CPU
	EndGlobalSection
EndGlobal
